Microsoft Visual Studio Solution File, Format Version 12.00
# Visual Studio Version 17
VisualStudioVersion = 17.5.2.0
MinimumVisualStudioVersion = 10.0.40219.1
Project("{FAE04EC0-301F-11D3-BF4B-00C04F79EFBC}") = "Prvi", "Prvi.csproj", "{CCE1F5AA-4CE7-976A-AD2B-126F5A341619}"
EndProject
Global
	GlobalSection(SolutionConfigurationPlatforms) = preSolution
		Debug|Any CPU = Debug|Any CPU
		Release|Any CPU = Release|Any CPU
	EndGlobalSection
	GlobalSection(ProjectConfigurationPlatforms) = postSolution
		{CCE1F5AA-4CE7-976A-AD2B-126F5A341619}.Debug|Any CPU.ActiveCfg = Debug|Any CPU
		{CCE1F5AA-4CE7-976A-AD2B-126F5A341619}.Debug|Any CPU.Build.0 = Debug|Any CPU
		{CCE1F5AA-4CE7-976A-AD2B-126F5A341619}.Release|Any CPU.ActiveCfg = Release|Any CPU
		{CCE1F5AA-4CE7-976A-AD2B-126F5A341619}.Release|Any CPU.Build.0 = Release|Any CPU
	EndGlobalSection
	GlobalSection(SolutionProperties) = preSolution
		HideSolutionNode = FALSE
	EndGlobalSection
	GlobalSection(ExtensibilityGlobals) = postSolution
		SolutionGuid = {5D2A9CA3-5740-4D65-AA84-C934C555712C}
	EndGlobalSection
EndGlobal
